
Microsoft Visual Studio Solution File, Format Version 12.00
# Visual Studio Version 17
VisualStudioVersion = 17.11.35222.181
MinimumVisualStudioVersion = 10.0.40219.1
Project("{2150E333-8FDC-42A3-9474-1A3956D46DE8}") = "Task0", "Task0", "{AC01322C-FAA5-4B7B-A202-91F1A8F07E00}"
EndProject
Project("{2150E333-8FDC-42A3-9474-1A3956D46DE8}") = "Task1", "Task1", "{FC6AAD7E-1C24-44B0-AB07-D9D0C27A56B5}"
EndProject
Project("{2150E333-8FDC-42A3-9474-1A3956D46DE8}") = "Task3", "Task3", "{637EEDEA-6EB3-463E-9A75-509D57FC3181}"
EndProject
Project("{2150E333-8FDC-42A3-9474-1A3956D46DE8}") = "Task4", "Task4", "{D71ACBD5-B367-469C-919A-8A064FCB9386}"
EndProject
Project("{9A19103F-16F7-4668-BE54-9A1E7A4F7556}") = "Tyuiu.BrovkinAA.Sprint3.Task0.V18", "Tyuiu.BrovkinAA.Sprint3.Task0.V18\Tyuiu.BrovkinAA.Sprint3.Task0.V18.csproj", "{6A73E236-C394-41EC-8C50-D76AFA87F887}"
EndProject
Project("{9A19103F-16F7-4668-BE54-9A1E7A4F7556}") = "Tyuiu.BrovkinAA.Sprint3.Task0.V18.Lib", "Tyuiu.BrovkinAA.Sprint3.Task0.V18.Lib\Tyuiu.BrovkinAA.Sprint3.Task0.V18.Lib.csproj", "{8950E4D9-87F9-4BFD-B1A2-A57C7A6641B0}"
EndProject
Project("{9A19103F-16F7-4668-BE54-9A1E7A4F7556}") = "Tyuiu.BrovkinAA.Sprint3.Task0.V18.Test", "Tyuiu.BrovkinAA.Sprint3.Task0.V18.Test\Tyuiu.BrovkinAA.Sprint3.Task0.V18.Test.csproj", "{9A1344BF-1B1E-4096-83EA-B337FE14B3BB}"
EndProject
Project("{9A19103F-16F7-4668-BE54-9A1E7A4F7556}") = "Tyuiu.BrovkinAA.Sprint3.Task1.V10", "Tyuiu.BrovkinAA.Sprint3.Task1.V10\Tyuiu.BrovkinAA.Sprint3.Task1.V10.csproj", "{96FD1C50-5027-46D7-987D-69423F675373}"
EndProject
Project("{9A19103F-16F7-4668-BE54-9A1E7A4F7556}") = "Tyuiu.BrovkinAA.Sprint3.Task1.V10.Lib", "Tyuiu.BrovkinAA.Sprint3.Task1.V10.Lib\Tyuiu.BrovkinAA.Sprint3.Task1.V10.Lib.csproj", "{9657864B-B0E8-480A-852B-84C543D9874E}"
EndProject
Project("{9A19103F-16F7-4668-BE54-9A1E7A4F7556}") = "Tyuiu.BrovkinAA.Sprint3.Task1.V10.Test", "Tyuiu.BrovkinAA.Sprint3.Task1.V10.Test\Tyuiu.BrovkinAA.Sprint3.Task1.V10.Test.csproj", "{227FB9C3-330A-4BE7-9CE5-C812018AFB71}"
EndProject
Project("{9A19103F-16F7-4668-BE54-9A1E7A4F7556}") = "Tyuiu.BrovkinAA.Sprint3.Task3.V19", "Tyuiu.BrovkinAA.Sprint3.Task3.V19\Tyuiu.BrovkinAA.Sprint3.Task3.V19.csproj", "{6DADE6F9-75DD-4202-9F47-9B1D4D937F81}"
EndProject
Project("{9A19103F-16F7-4668-BE54-9A1E7A4F7556}") = "Tyuiu.BrovkinAA.Sprint3.Task3.V19.Lib", "Tyuiu.BrovkinAA.Sprint3.Task3.V19.Lib\Tyuiu.BrovkinAA.Sprint3.Task3.V19.Lib.csproj", "{DC6C2194-2D2F-410C-BD5E-9F1FB18BDB27}"
EndProject
Project("{9A19103F-16F7-4668-BE54-9A1E7A4F7556}") = "Tyuiu.BrovkinAA.Sprint3.Task3.V19.Test", "Tyuiu.BrovkinAA.Sprint3.Task3.V19.Test\Tyuiu.BrovkinAA.Sprint3.Task3.V19.Test.csproj", "{632301CC-1F01-45AE-9986-6083AAA24B5C}"
EndProject
Project("{FAE04EC0-301F-11D3-BF4B-00C04F79EFBC}") = "ConsoleApp1", "ConsoleApp1\ConsoleApp1.csproj", "{BB035A79-52C9-4ED2-95DB-9833F3323EFD}"
EndProject
Project("{FAE04EC0-301F-11D3-BF4B-00C04F79EFBC}") = "ConsoleApp2", "ConsoleApp2\ConsoleApp2.csproj", "{96F7AA76-E9E8-4CB7-BD4E-3C740A1B98BF}"
EndProject
Global
	GlobalSection(SolutionConfigurationPlatforms) = preSolution
		Debug|Any CPU = Debug|Any CPU
		Release|Any CPU = Release|Any CPU
	EndGlobalSection
	GlobalSection(ProjectConfigurationPlatforms) = postSolution
		{6A73E236-C394-41EC-8C50-D76AFA87F887}.Debug|Any CPU.ActiveCfg = Debug|Any CPU
		{6A73E236-C394-41EC-8C50-D76AFA87F887}.Debug|Any CPU.Build.0 = Debug|Any CPU
		{6A73E236-C394-41EC-8C50-D76AFA87F887}.Release|Any CPU.ActiveCfg = Release|Any CPU
		{6A73E236-C394-41EC-8C50-D76AFA87F887}.Release|Any CPU.Build.0 = Release|Any CPU
		{8950E4D9-87F9-4BFD-B1A2-A57C7A6641B0}.Debug|Any CPU.ActiveCfg = Debug|Any CPU
		{8950E4D9-87F9-4BFD-B1A2-A57C7A6641B0}.Debug|Any CPU.Build.0 = Debug|Any CPU
		{8950E4D9-87F9-4BFD-B1A2-A57C7A6641B0}.Release|Any CPU.ActiveCfg = Release|Any CPU
		{8950E4D9-87F9-4BFD-B1A2-A57C7A6641B0}.Release|Any CPU.Build.0 = Release|Any CPU
		{9A1344BF-1B1E-4096-83EA-B337FE14B3BB}.Debug|Any CPU.ActiveCfg = Debug|Any CPU
		{9A1344BF-1B1E-4096-83EA-B337FE14B3BB}.Debug|Any CPU.Build.0 = Debug|Any CPU
		{9A1344BF-1B1E-4096-83EA-B337FE14B3BB}.Release|Any CPU.ActiveCfg = Release|Any CPU
		{9A1344BF-1B1E-4096-83EA-B337FE14B3BB}.Release|Any CPU.Build.0 = Release|Any CPU
		{96FD1C50-5027-46D7-987D-69423F675373}.Debug|Any CPU.ActiveCfg = Debug|Any CPU
		{96FD1C50-5027-46D7-987D-69423F675373}.Debug|Any CPU.Build.0 = Debug|Any CPU
		{96FD1C50-5027-46D7-987D-69423F675373}.Release|Any CPU.ActiveCfg = Release|Any CPU
		{96FD1C50-5027-46D7-987D-69423F675373}.Release|Any CPU.Build.0 = Release|Any CPU
		{9657864B-B0E8-480A-852B-84C543D9874E}.Debug|Any CPU.ActiveCfg = Debug|Any CPU
		{9657864B-B0E8-480A-852B-84C543D9874E}.Debug|Any CPU.Build.0 = Debug|Any CPU
		{9657864B-B0E8-480A-852B-84C543D9874E}.Release|Any CPU.ActiveCfg = Release|Any CPU
		{9657864B-B0E8-480A-852B-84C543D9874E}.Release|Any CPU.Build.0 = Release|Any CPU
		{227FB9C3-330A-4BE7-9CE5-C812018AFB71}.Debug|Any CPU.ActiveCfg = Debug|Any CPU
		{227FB9C3-330A-4BE7-9CE5-C812018AFB71}.Debug|Any CPU.Build.0 = Debug|Any CPU
		{227FB9C3-330A-4BE7-9CE5-C812018AFB71}.Release|Any CPU.ActiveCfg = Release|Any CPU
		{227FB9C3-330A-4BE7-9CE5-C812018AFB71}.Release|Any CPU.Build.0 = Release|Any CPU
		{6DADE6F9-75DD-4202-9F47-9B1D4D937F81}.Debug|Any CPU.ActiveCfg = Debug|Any CPU
		{6DADE6F9-75DD-4202-9F47-9B1D4D937F81}.Debug|Any CPU.Build.0 = Debug|Any CPU
		{6DADE6F9-75DD-4202-9F47-9B1D4D937F81}.Release|Any CPU.ActiveCfg = Release|Any CPU
		{6DADE6F9-75DD-4202-9F47-9B1D4D937F81}.Release|Any CPU.Build.0 = Release|Any CPU
		{DC6C2194-2D2F-410C-BD5E-9F1FB18BDB27}.Debug|Any CPU.ActiveCfg = Debug|Any CPU
		{DC6C2194-2D2F-410C-BD5E-9F1FB18BDB27}.Debug|Any CPU.Build.0 = Debug|Any CPU
		{DC6C2194-2D2F-410C-BD5E-9F1FB18BDB27}.Release|Any CPU.ActiveCfg = Release|Any CPU
		{DC6C2194-2D2F-410C-BD5E-9F1FB18BDB27}.Release|Any CPU.Build.0 = Release|Any CPU
		{632301CC-1F01-45AE-9986-6083AAA24B5C}.Debug|Any CPU.ActiveCfg = Debug|Any CPU
		{632301CC-1F01-45AE-9986-6083AAA24B5C}.Debug|Any CPU.Build.0 = Debug|Any CPU
		{632301CC-1F01-45AE-9986-6083AAA24B5C}.Release|Any CPU.ActiveCfg = Release|Any CPU
		{632301CC-1F01-45AE-9986-6083AAA24B5C}.Release|Any CPU.Build.0 = Release|Any CPU
		{BB035A79-52C9-4ED2-95DB-9833F3323EFD}.Debug|Any CPU.ActiveCfg = Debug|Any CPU
		{BB035A79-52C9-4ED2-95DB-9833F3323EFD}.Debug|Any CPU.Build.0 = Debug|Any CPU
		{BB035A79-52C9-4ED2-95DB-9833F3323EFD}.Release|Any CPU.ActiveCfg = Release|Any CPU
		{BB035A79-52C9-4ED2-95DB-9833F3323EFD}.Release|Any CPU.Build.0 = Release|Any CPU
		{96F7AA76-E9E8-4CB7-BD4E-3C740A1B98BF}.Debug|Any CPU.ActiveCfg = Debug|Any CPU
		{96F7AA76-E9E8-4CB7-BD4E-3C740A1B98BF}.Debug|Any CPU.Build.0 = Debug|Any CPU
		{96F7AA76-E9E8-4CB7-BD4E-3C740A1B98BF}.Release|Any CPU.ActiveCfg = Release|Any CPU
		{96F7AA76-E9E8-4CB7-BD4E-3C740A1B98BF}.Release|Any CPU.Build.0 = Release|Any CPU
	EndGlobalSection
	GlobalSection(SolutionProperties) = preSolution
		HideSolutionNode = FALSE
	EndGlobalSection
	GlobalSection(NestedProjects) = preSolution
		{6A73E236-C394-41EC-8C50-D76AFA87F887} = {AC01322C-FAA5-4B7B-A202-91F1A8F07E00}
		{8950E4D9-87F9-4BFD-B1A2-A57C7A6641B0} = {AC01322C-FAA5-4B7B-A202-91F1A8F07E00}
		{9A1344BF-1B1E-4096-83EA-B337FE14B3BB} = {AC01322C-FAA5-4B7B-A202-91F1A8F07E00}
		{96FD1C50-5027-46D7-987D-69423F675373} = {FC6AAD7E-1C24-44B0-AB07-D9D0C27A56B5}
		{9657864B-B0E8-480A-852B-84C543D9874E} = {FC6AAD7E-1C24-44B0-AB07-D9D0C27A56B5}
		{227FB9C3-330A-4BE7-9CE5-C812018AFB71} = {FC6AAD7E-1C24-44B0-AB07-D9D0C27A56B5}
		{6DADE6F9-75DD-4202-9F47-9B1D4D937F81} = {637EEDEA-6EB3-463E-9A75-509D57FC3181}
		{DC6C2194-2D2F-410C-BD5E-9F1FB18BDB27} = {637EEDEA-6EB3-463E-9A75-509D57FC3181}
		{632301CC-1F01-45AE-9986-6083AAA24B5C} = {637EEDEA-6EB3-463E-9A75-509D57FC3181}
		{BB035A79-52C9-4ED2-95DB-9833F3323EFD} = {D71ACBD5-B367-469C-919A-8A064FCB9386}
		{96F7AA76-E9E8-4CB7-BD4E-3C740A1B98BF} = {D71ACBD5-B367-469C-919A-8A064FCB9386}
	EndGlobalSection
	GlobalSection(ExtensibilityGlobals) = postSolution
		SolutionGuid = {D6A086E8-FFBE-4783-945B-10C48EDB483D}
	EndGlobalSection
EndGlobal
